
Microsoft Visual Studio Solution File, Format Version 12.00
# Visual Studio Version 17
VisualStudioVersion = 17.8.34330.188
MinimumVisualStudioVersion = 10.0.40219.1
Project("{FAE04EC0-301F-11D3-BF4B-00C04F79EFBC}") = "Password", "Password\Password.csproj", "{DED95D12-D6ED-4776-98A5-20D5482F2A3C}"
EndProject
Global
	GlobalSection(SolutionConfigurationPlatforms) = preSolution
		Debug|Any CPU = Debug|Any CPU
		Release|Any CPU = Release|Any CPU
	EndGlobalSection
	GlobalSection(ProjectConfigurationPlatforms) = postSolution
		{DED95D12-D6ED-4776-98A5-20D5482F2A3C}.Debug|Any CPU.ActiveCfg = Debug|Any CPU
		{DED95D12-D6ED-4776-98A5-20D5482F2A3C}.Debug|Any CPU.Build.0 = Debug|Any CPU
		{DED95D12-D6ED-4776-98A5-20D5482F2A3C}.Release|Any CPU.ActiveCfg = Release|Any CPU
		{DED95D12-D6ED-4776-98A5-20D5482F2A3C}.Release|Any CPU.Build.0 = Release|Any CPU
	EndGlobalSection
	GlobalSection(SolutionProperties) = preSolution
		HideSolutionNode = FALSE
	EndGlobalSection
	GlobalSection(ExtensibilityGlobals) = postSolution
		SolutionGuid = {39D2A738-9C53-4B57-B30D-6C2D84AFA0CA}
	EndGlobalSection
EndGlobal
